
Microsoft Visual Studio Solution File, Format Version 12.00
# Visual Studio 15
VisualStudioVersion = 15.0.28010.2046
MinimumVisualStudioVersion = 10.0.40219.1
Project("{F184B08F-C81C-45F6-A57F-5ABD9991F28F}") = "Sistema de Multas", "Sistema de Multas.vbproj", "{34DB7680-423B-4C82-94C8-4F773F5A877F}"
EndProject
Global
	GlobalSection(SolutionConfigurationPlatforms) = preSolution
		Debug|Any CPU = Debug|Any CPU
		Release|Any CPU = Release|Any CPU
	EndGlobalSection
	GlobalSection(ProjectConfigurationPlatforms) = postSolution
		{34DB7680-423B-4C82-94C8-4F773F5A877F}.Debug|Any CPU.ActiveCfg = Debug|Any CPU
		{34DB7680-423B-4C82-94C8-4F773F5A877F}.Debug|Any CPU.Build.0 = Debug|Any CPU
		{34DB7680-423B-4C82-94C8-4F773F5A877F}.Release|Any CPU.ActiveCfg = Release|Any CPU
		{34DB7680-423B-4C82-94C8-4F773F5A877F}.Release|Any CPU.Build.0 = Release|Any CPU
	EndGlobalSection
	GlobalSection(SolutionProperties) = preSolution
		HideSolutionNode = FALSE
	EndGlobalSection
	GlobalSection(ExtensibilityGlobals) = postSolution
		SolutionGuid = {5BEDFA03-8E6B-44AF-9B32-8C678166A663}
	EndGlobalSection
EndGlobal
